
Microsoft Visual Studio Solution File, Format Version 12.00
# Visual Studio Version 17
VisualStudioVersion = 17.5.33103.201
MinimumVisualStudioVersion = 10.0.40219.1
Project("{9A19103F-16F7-4668-BE54-9A1E7A4F7556}") = "AoC2022", "AoC2022\AoC2022.csproj", "{6D92E258-79A9-42CF-B73D-C2040926C107}"
EndProject
Project("{FAE04EC0-301F-11D3-BF4B-00C04F79EFBC}") = "AoC.Test", "AoC.Test\AoC.Test.csproj", "{EE4A79E8-1B1F-441B-A4EF-B8B728ECD54F}"
EndProject
Global
	GlobalSection(SolutionConfigurationPlatforms) = preSolution
		Debug|Any CPU = Debug|Any CPU
		Release|Any CPU = Release|Any CPU
	EndGlobalSection
	GlobalSection(ProjectConfigurationPlatforms) = postSolution
		{6D92E258-79A9-42CF-B73D-C2040926C107}.Debug|Any CPU.ActiveCfg = Debug|Any CPU
		{6D92E258-79A9-42CF-B73D-C2040926C107}.Debug|Any CPU.Build.0 = Debug|Any CPU
		{6D92E258-79A9-42CF-B73D-C2040926C107}.Release|Any CPU.ActiveCfg = Release|Any CPU
		{6D92E258-79A9-42CF-B73D-C2040926C107}.Release|Any CPU.Build.0 = Release|Any CPU
		{EE4A79E8-1B1F-441B-A4EF-B8B728ECD54F}.Debug|Any CPU.ActiveCfg = Debug|Any CPU
		{EE4A79E8-1B1F-441B-A4EF-B8B728ECD54F}.Debug|Any CPU.Build.0 = Debug|Any CPU
		{EE4A79E8-1B1F-441B-A4EF-B8B728ECD54F}.Release|Any CPU.ActiveCfg = Release|Any CPU
		{EE4A79E8-1B1F-441B-A4EF-B8B728ECD54F}.Release|Any CPU.Build.0 = Release|Any CPU
	EndGlobalSection
	GlobalSection(SolutionProperties) = preSolution
		HideSolutionNode = FALSE
	EndGlobalSection
	GlobalSection(ExtensibilityGlobals) = postSolution
		SolutionGuid = {89C0C426-933A-4EE8-915B-6DBC8AC2E530}
	EndGlobalSection
EndGlobal
